
Microsoft Visual Studio Solution File, Format Version 12.00
# Visual Studio Version 17
VisualStudioVersion = 17.5.33627.172
MinimumVisualStudioVersion = 10.0.40219.1
Project("{FAE04EC0-301F-11D3-BF4B-00C04F79EFBC}") = "PracticePanther", "PracticePanther\PracticePanther.csproj", "{9DC868DE-605B-431B-A73D-0BB49E85032B}"
EndProject
Project("{FAE04EC0-301F-11D3-BF4B-00C04F79EFBC}") = "PP.Library", "PP.Library\PP.Library.csproj", "{8A86A209-2909-4C5B-B713-4D43B4E9E61B}"
EndProject
Project("{FAE04EC0-301F-11D3-BF4B-00C04F79EFBC}") = "PP.MAUI", "PP.MAUI\PP.MAUI.csproj", "{E8882232-A947-46FE-B905-5C4050633CB8}"
	ProjectSection(ProjectDependencies) = postProject
		{8A86A209-2909-4C5B-B713-4D43B4E9E61B} = {8A86A209-2909-4C5B-B713-4D43B4E9E61B}
	EndProjectSection
EndProject
Global
	GlobalSection(SolutionConfigurationPlatforms) = preSolution
		Debug|Any CPU = Debug|Any CPU
		Release|Any CPU = Release|Any CPU
	EndGlobalSection
	GlobalSection(ProjectConfigurationPlatforms) = postSolution
		{9DC868DE-605B-431B-A73D-0BB49E85032B}.Debug|Any CPU.ActiveCfg = Debug|Any CPU
		{9DC868DE-605B-431B-A73D-0BB49E85032B}.Debug|Any CPU.Build.0 = Debug|Any CPU
		{9DC868DE-605B-431B-A73D-0BB49E85032B}.Release|Any CPU.ActiveCfg = Release|Any CPU
		{9DC868DE-605B-431B-A73D-0BB49E85032B}.Release|Any CPU.Build.0 = Release|Any CPU
		{8A86A209-2909-4C5B-B713-4D43B4E9E61B}.Debug|Any CPU.ActiveCfg = Debug|Any CPU
		{8A86A209-2909-4C5B-B713-4D43B4E9E61B}.Debug|Any CPU.Build.0 = Debug|Any CPU
		{8A86A209-2909-4C5B-B713-4D43B4E9E61B}.Release|Any CPU.ActiveCfg = Release|Any CPU
		{8A86A209-2909-4C5B-B713-4D43B4E9E61B}.Release|Any CPU.Build.0 = Release|Any CPU
		{E8882232-A947-46FE-B905-5C4050633CB8}.Debug|Any CPU.ActiveCfg = Debug|Any CPU
		{E8882232-A947-46FE-B905-5C4050633CB8}.Debug|Any CPU.Build.0 = Debug|Any CPU
		{E8882232-A947-46FE-B905-5C4050633CB8}.Debug|Any CPU.Deploy.0 = Debug|Any CPU
		{E8882232-A947-46FE-B905-5C4050633CB8}.Release|Any CPU.ActiveCfg = Release|Any CPU
		{E8882232-A947-46FE-B905-5C4050633CB8}.Release|Any CPU.Build.0 = Release|Any CPU
		{E8882232-A947-46FE-B905-5C4050633CB8}.Release|Any CPU.Deploy.0 = Release|Any CPU
	EndGlobalSection
	GlobalSection(SolutionProperties) = preSolution
		HideSolutionNode = FALSE
	EndGlobalSection
	GlobalSection(ExtensibilityGlobals) = postSolution
		SolutionGuid = {9A82E1A6-8B5A-490D-80BC-566CC93B2DE2}
	EndGlobalSection
EndGlobal
